
Microsoft Visual Studio Solution File, Format Version 12.00
# Visual Studio Version 16
VisualStudioVersion = 16.0.29613.14
MinimumVisualStudioVersion = 10.0.40219.1
Project("{FAE04EC0-301F-11D3-BF4B-00C04F79EFBC}") = "BailOutReborn", "BailOutReborn.csproj", "{19BE473B-C7AE-4AEB-9B13-2F818D8E2428}"
EndProject
Global
	GlobalSection(SolutionConfigurationPlatforms) = preSolution
		Debug|Any CPU = Debug|Any CPU
		Release|Any CPU = Release|Any CPU
	EndGlobalSection
	GlobalSection(ProjectConfigurationPlatforms) = postSolution
		{19BE473B-C7AE-4AEB-9B13-2F818D8E2428}.Debug|Any CPU.ActiveCfg = Debug|Any CPU
		{19BE473B-C7AE-4AEB-9B13-2F818D8E2428}.Debug|Any CPU.Build.0 = Debug|Any CPU
		{19BE473B-C7AE-4AEB-9B13-2F818D8E2428}.Release|Any CPU.ActiveCfg = Release|Any CPU
		{19BE473B-C7AE-4AEB-9B13-2F818D8E2428}.Release|Any CPU.Build.0 = Release|Any CPU
	EndGlobalSection
	GlobalSection(SolutionProperties) = preSolution
		HideSolutionNode = FALSE
	EndGlobalSection
	GlobalSection(ExtensibilityGlobals) = postSolution
		SolutionGuid = {2C49BC5E-B695-409F-B0D0-D8CFB042AC7C}
	EndGlobalSection
EndGlobal
